// !$*UTF8*$!
{
	archiveVersion = 1;
	classes = {
	};
	objectVersion = 56;
	objects = {

/* Begin PBXBuildFile section */
		ECB3572C2B3CA37800045D41 /* DependencyInjection.swift in Sources */ = {isa = PBXBuildFile; fileRef = ECB3572B2B3CA37800045D41 /* DependencyInjection.swift */; };
		ECEE18B82B3C9CF400C95E8A /* DependencyInjection.docc in Sources */ = {isa = PBXBuildFile; fileRef = ECEE18B72B3C9CF400C95E8A /* DependencyInjection.docc */; };
		ECEE18BE2B3C9CF400C95E8A /* DependencyInjection.framework in Frameworks */ = {isa = PBXBuildFile; fileRef = ECEE18B32B3C9CF400C95E8A /* DependencyInjection.framework */; };
		ECEE18C32B3C9CF400C95E8A /* DependencyInjectionTests.swift in Sources */ = {isa = PBXBuildFile; fileRef = ECEE18C22B3C9CF400C95E8A /* DependencyInjectionTests.swift */; };
		ECEE18C42B3C9CF400C95E8A /* DependencyInjection.h in Headers */ = {isa = PBXBuildFile; fileRef = ECEE18B62B3C9CF400C95E8A /* DependencyInjection.h */; settings = {ATTRIBUTES = (Public, ); }; };
/* End PBXBuildFile section */

/* Begin PBXContainerItemProxy section */
		ECEE18BF2B3C9CF400C95E8A /* PBXContainerItemProxy */ = {
			isa = PBXContainerItemProxy;
			containerPortal = ECEE18AA2B3C9CF400C95E8A /* Project object */;
			proxyType = 1;
			remoteGlobalIDString = ECEE18B22B3C9CF400C95E8A;
			remoteInfo = DependencyInjection;
		};
/* End PBXContainerItemProxy section */

/* Begin PBXFileReference section */
		ECB3572B2B3CA37800045D41 /* DependencyInjection.swift */ = {isa = PBXFileReference; lastKnownFileType = sourcecode.swift; path = DependencyInjection.swift; sourceTree = "<group>"; };
		ECEE18B32B3C9CF400C95E8A /* DependencyInjection.framework */ = {isa = PBXFileReference; explicitFileType = wrapper.framework; includeInIndex = 0; path = DependencyInjection.framework; sourceTree = BUILT_PRODUCTS_DIR; };
		ECEE18B62B3C9CF400C95E8A /* DependencyInjection.h */ = {isa = PBXFileReference; lastKnownFileType = sourcecode.c.h; path = DependencyInjection.h; sourceTree = "<group>"; };
		ECEE18B72B3C9CF400C95E8A /* DependencyInjection.docc */ = {isa = PBXFileReference; lastKnownFileType = folder.documentationcatalog; path = DependencyInjection.docc; sourceTree = "<group>"; };
		ECEE18BD2B3C9CF400C95E8A /* DependencyInjectionTests.xctest */ = {isa = PBXFileReference; explicitFileType = wrapper.cfbundle; includeInIndex = 0; path = DependencyInjectionTests.xctest; sourceTree = BUILT_PRODUCTS_DIR; };
		ECEE18C22B3C9CF400C95E8A /* DependencyInjectionTests.swift */ = {isa = PBXFileReference; lastKnownFileType = sourcecode.swift; path = DependencyInjectionTests.swift; sourceTree = "<group>"; };
/* End PBXFileReference section */

/* Begin PBXFrameworksBuildPhase section */
		ECEE18B02B3C9CF400C95E8A /* Frameworks */ = {
			isa = PBXFrameworksBuildPhase;
			buildActionMask = 2147483647;
			files = (
			);
			runOnlyForDeploymentPostprocessing = 0;
		};
		ECEE18BA2B3C9CF400C95E8A /* Frameworks */ = {
			isa = PBXFrameworksBuildPhase;
			buildActionMask = 2147483647;
			files = (
				ECEE18BE2B3C9CF400C95E8A /* DependencyInjection.framework in Frameworks */,
			);
			runOnlyForDeploymentPostprocessing = 0;
		};
/* End PBXFrameworksBuildPhase section */

/* Begin PBXGroup section */
		ECEE18A92B3C9CF400C95E8A = {
			isa = PBXGroup;
			children = (
				ECEE18B52B3C9CF400C95E8A /* DependencyInjection */,
				ECEE18C12B3C9CF400C95E8A /* DependencyInjectionTests */,
				ECEE18B42B3C9CF400C95E8A /* Products */,
			);
			sourceTree = "<group>";
		};
		ECEE18B42B3C9CF400C95E8A /* Products */ = {
			isa = PBXGroup;
			children = (
				ECEE18B32B3C9CF400C95E8A /* DependencyInjection.framework */,
				ECEE18BD2B3C9CF400C95E8A /* DependencyInjectionTests.xctest */,
			);
			name = Products;
			sourceTree = "<group>";
		};
		ECEE18B52B3C9CF400C95E8A /* DependencyInjection */ = {
			isa = PBXGroup;
			children = (
				ECEE18B62B3C9CF400C95E8A /* DependencyInjection.h */,
				ECEE18B72B3C9CF400C95E8A /* DependencyInjection.docc */,
				ECB3572B2B3CA37800045D41 /* DependencyInjection.swift */,
			);
			path = DependencyInjection;
			sourceTree = "<group>";
		};
		ECEE18C12B3C9CF400C95E8A /* DependencyInjectionTests */ = {
			isa = PBXGroup;
			children = (
				ECEE18C22B3C9CF400C95E8A /* DependencyInjectionTests.swift */,
			);
			path = DependencyInjectionTests;
			sourceTree = "<group>";
		};
/* End PBXGroup section */

/* Begin PBXHeadersBuildPhase section */
		ECEE18AE2B3C9CF400C95E8A /* Headers */ = {
			isa = PBXHeadersBuildPhase;
			buildActionMask = 2147483647;
			files = (
				ECEE18C42B3C9CF400C95E8A /* DependencyInjection.h in Headers */,
			);
			runOnlyForDeploymentPostprocessing = 0;
		};
/* End PBXHeadersBuildPhase section */

/* Begin PBXNativeTarget section */
		ECEE18B22B3C9CF400C95E8A /* DependencyInjection */ = {
			isa = PBXNativeTarget;
			buildConfigurationList = ECEE18C72B3C9CF400C95E8A /* Build configuration list for PBXNativeTarget "DependencyInjection" */;
			buildPhases = (
				ECEE18AE2B3C9CF400C95E8A /* Headers */,
				ECEE18AF2B3C9CF400C95E8A /* Sources */,
				ECEE18B02B3C9CF400C95E8A /* Frameworks */,
				ECEE18B12B3C9CF400C95E8A /* Resources */,
			);
			buildRules = (
			);
			dependencies = (
			);
			name = DependencyInjection;
			productName = DependencyInjection;
			productReference = ECEE18B32B3C9CF400C95E8A /* DependencyInjection.framework */;
			productType = "com.apple.product-type.framework";
		};
		ECEE18BC2B3C9CF400C95E8A /* DependencyInjectionTests */ = {
			isa = PBXNativeTarget;
			buildConfigurationList = ECEE18CA2B3C9CF400C95E8A /* Build configuration list for PBXNativeTarget "DependencyInjectionTests" */;
			buildPhases = (
				ECEE18B92B3C9CF400C95E8A /* Sources */,
				ECEE18BA2B3C9CF400C95E8A /* Frameworks */,
				ECEE18BB2B3C9CF400C95E8A /* Resources */,
			);
			buildRules = (
			);
			dependencies = (
				ECEE18C02B3C9CF400C95E8A /* PBXTargetDependency */,
			);
			name = DependencyInjectionTests;
			productName = DependencyInjectionTests;
			productReference = ECEE18BD2B3C9CF400C95E8A /* DependencyInjectionTests.xctest */;
			productType = "com.apple.product-type.bundle.unit-test";
		};
/* End PBXNativeTarget section */

/* Begin PBXProject section */
		ECEE18AA2B3C9CF400C95E8A /* Project object */ = {
			isa = PBXProject;
			attributes = {
				BuildIndependentTargetsInParallel = 1;
				LastSwiftUpdateCheck = 1430;
				LastUpgradeCheck = 1430;
				TargetAttributes = {
					ECEE18B22B3C9CF400C95E8A = {
						CreatedOnToolsVersion = 14.3.1;
					};
					ECEE18BC2B3C9CF400C95E8A = {
						CreatedOnToolsVersion = 14.3.1;
					};
				};
			};
			buildConfigurationList = ECEE18AD2B3C9CF400C95E8A /* Build configuration list for PBXProject "DependencyInjection" */;
			compatibilityVersion = "Xcode 14.0";
			developmentRegion = en;
			hasScannedForEncodings = 0;
			knownRegions = (
				en,
				Base,
			);
			mainGroup = ECEE18A92B3C9CF400C95E8A;
			productRefGroup = ECEE18B42B3C9CF400C95E8A /* Products */;
			projectDirPath = "";
			projectRoot = "";
			targets = (
				ECEE18B22B3C9CF400C95E8A /* DependencyInjection */,
				ECEE18BC2B3C9CF400C95E8A /* DependencyInjectionTests */,
			);
		};
/* End PBXProject section */

/* Begin PBXResourcesBuildPhase section */
		ECEE18B12B3C9CF400C95E8A /* Resources */ = {
			isa = PBXResourcesBuildPhase;
			buildActionMask = 2147483647;
			files = (
			);
			runOnlyForDeploymentPostprocessing = 0;
		};
		ECEE18BB2B3C9CF400C95E8A /* Resources */ = {
			isa = PBXResourcesBuildPhase;
			buildActionMask = 2147483647;
			files = (
			);
			runOnlyForDeploymentPostprocessing = 0;
		};
/* End PBXResourcesBuildPhase section */

/* Begin PBXSourcesBuildPhase section */
		ECEE18AF2B3C9CF400C95E8A /* Sources */ = {
			isa = PBXSourcesBuildPhase;
			buildActionMask = 2147483647;
			files = (
				ECB3572C2B3CA37800045D41 /* DependencyInjection.swift in Sources */,
				ECEE18B82B3C9CF400C95E8A /* DependencyInjection.docc in Sources */,
			);
			runOnlyForDeploymentPostprocessing = 0;
		};
		ECEE18B92B3C9CF400C95E8A /* Sources */ = {
			isa = PBXSourcesBuildPhase;
			buildActionMask = 2147483647;
			files = (
				ECEE18C32B3C9CF400C95E8A /* DependencyInjectionTests.swift in Sources */,
			);
			runOnlyForDeploymentPostprocessing = 0;
		};
/* End PBXSourcesBuildPhase section */

/* Begin PBXTargetDependency section */
		ECEE18C02B3C9CF400C95E8A /* PBXTargetDependency */ = {
			isa = PBXTargetDependency;
			target = ECEE18B22B3C9CF400C95E8A /* DependencyInjection */;
			targetProxy = ECEE18BF2B3C9CF400C95E8A /* PBXContainerItemProxy */;
		};
/* End PBXTargetDependency section */

/* Begin XCBuildConfiguration section */
		ECEE18C52B3C9CF400C95E8A /* Debug */ = {
			isa = XCBuildConfiguration;
			buildSettings = {
				ALWAYS_SEARCH_USER_PATHS = NO;
				CLANG_ANALYZER_NONNULL = YES;
				CLANG_ANALYZER_NUMBER_OBJECT_CONVERSION = YES_AGGRESSIVE;
				CLANG_CXX_LANGUAGE_STANDARD = "gnu++20";
				CLANG_ENABLE_MODULES = YES;
				CLANG_ENABLE_OBJC_ARC = YES;
				CLANG_ENABLE_OBJC_WEAK = YES;
				CLANG_WARN_BLOCK_CAPTURE_AUTORELEASING = YES;
				CLANG_WARN_BOOL_CONVERSION = YES;
				CLANG_WARN_COMMA = YES;
				CLANG_WARN_CONSTANT_CONVERSION = YES;
				CLANG_WARN_DEPRECATED_OBJC_IMPLEMENTATIONS = YES;
				CLANG_WARN_DIRECT_OBJC_ISA_USAGE = YES_ERROR;
				CLANG_WARN_DOCUMENTATION_COMMENTS = YES;
				CLANG_WARN_EMPTY_BODY = YES;
				CLANG_WARN_ENUM_CONVERSION = YES;
				CLANG_WARN_INFINITE_RECURSION = YES;
				CLANG_WARN_INT_CONVERSION = YES;
				CLANG_WARN_NON_LITERAL_NULL_CONVERSION = YES;
				CLANG_WARN_OBJC_IMPLICIT_RETAIN_SELF = YES;
				CLANG_WARN_OBJC_LITERAL_CONVERSION = YES;
				CLANG_WARN_OBJC_ROOT_CLASS = YES_ERROR;
				CLANG_WARN_QUOTED_INCLUDE_IN_FRAMEWORK_HEADER = YES;
				CLANG_WARN_RANGE_LOOP_ANALYSIS = YES;
				CLANG_WARN_STRICT_PROTOTYPES = YES;
				CLANG_WARN_SUSPICIOUS_MOVE = YES;
				CLANG_WARN_UNGUARDED_AVAILABILITY = YES_AGGRESSIVE;
				CLANG_WARN_UNREACHABLE_CODE = YES;
				CLANG_WARN__DUPLICATE_METHOD_MATCH = YES;
				COPY_PHASE_STRIP = NO;
				CURRENT_PROJECT_VERSION = 1;
				DEBUG_INFORMATION_FORMAT = dwarf;
				ENABLE_STRICT_OBJC_MSGSEND = YES;
				ENABLE_TESTABILITY = YES;
				GCC_C_LANGUAGE_STANDARD = gnu11;
				GCC_DYNAMIC_NO_PIC = NO;
				GCC_NO_COMMON_BLOCKS = YES;
				GCC_OPTIMIZATION_LEVEL = 0;
				GCC_PREPROCESSOR_DEFINITIONS = (
					"DEBUG=1",
					"$(inherited)",
				);
				GCC_WARN_64_TO_32_BIT_CONVERSION = YES;
				GCC_WARN_ABOUT_RETURN_TYPE = YES_ERROR;
				GCC_WARN_UNDECLARED_SELECTOR = YES;
				GCC_WARN_UNINITIALIZED_AUTOS = YES_AGGRESSIVE;
				GCC_WARN_UNUSED_FUNCTION = YES;
				GCC_WARN_UNUSED_VARIABLE = YES;
				MTL_ENABLE_DEBUG_INFO = INCLUDE_SOURCE;
				MTL_FAST_MATH = YES;
				ONLY_ACTIVE_ARCH = YES;
				SWIFT_ACTIVE_COMPILATION_CONDITIONS = DEBUG;
				SWIFT_OPTIMIZATION_LEVEL = "-Onone";
				VERSIONING_SYSTEM = "apple-generic";
				VERSION_INFO_PREFIX = "";
			};
			name = Debug;
		};
		ECEE18C62B3C9CF400C95E8A /* Release */ = {
			isa = XCBuildConfiguration;
			buildSettings = {
				ALWAYS_SEARCH_USER_PATHS = NO;
				CLANG_ANALYZER_NONNULL = YES;
				CLANG_ANALYZER_NUMBER_OBJECT_CONVERSION = YES_AGGRESSIVE;
				CLANG_CXX_LANGUAGE_STANDARD = "gnu++20";
				CLANG_ENABLE_MODULES = YES;
				CLANG_ENABLE_OBJC_ARC = YES;
				CLANG_ENABLE_OBJC_WEAK = YES;
				CLANG_WARN_BLOCK_CAPTURE_AUTORELEASING = YES;
				CLANG_WARN_BOOL_CONVERSION = YES;
				CLANG_WARN_COMMA = YES;
				CLANG_WARN_CONSTANT_CONVERSION = YES;
				CLANG_WARN_DEPRECATED_OBJC_IMPLEMENTATIONS = YES;
				CLANG_WARN_DIRECT_OBJC_ISA_USAGE = YES_ERROR;
				CLANG_WARN_DOCUMENTATION_COMMENTS = YES;
				CLANG_WARN_EMPTY_BODY = YES;
				CLANG_WARN_ENUM_CONVERSION = YES;
				CLANG_WARN_INFINITE_RECURSION = YES;
				CLANG_WARN_INT_CONVERSION = YES;
				CLANG_WARN_NON_LITERAL_NULL_CONVERSION = YES;
				CLANG_WARN_OBJC_IMPLICIT_RETAIN_SELF = YES;
				CLANG_WARN_OBJC_LITERAL_CONVERSION = YES;
				CLANG_WARN_OBJC_ROOT_CLASS = YES_ERROR;
				CLANG_WARN_QUOTED_INCLUDE_IN_FRAMEWORK_HEADER = YES;
				CLANG_WARN_RANGE_LOOP_ANALYSIS = YES;
				CLANG_WARN_STRICT_PROTOTYPES = YES;
				CLANG_WARN_SUSPICIOUS_MOVE = YES;
				CLANG_WARN_UNGUARDED_AVAILABILITY = YES_AGGRESSIVE;
				CLANG_WARN_UNREACHABLE_CODE = YES;
				CLANG_WARN__DUPLICATE_METHOD_MATCH = YES;
				COPY_PHASE_STRIP = NO;
				CURRENT_PROJECT_VERSION = 1;
				DEBUG_INFORMATION_FORMAT = "dwarf-with-dsym";
				ENABLE_NS_ASSERTIONS = NO;
				ENABLE_STRICT_OBJC_MSGSEND = YES;
				GCC_C_LANGUAGE_STANDARD = gnu11;
				GCC_NO_COMMON_BLOCKS = YES;
				GCC_WARN_64_TO_32_BIT_CONVERSION = YES;
				GCC_WARN_ABOUT_RETURN_TYPE = YES_ERROR;
				GCC_WARN_UNDECLARED_SELECTOR = YES;
				GCC_WARN_UNINITIALIZED_AUTOS = YES_AGGRESSIVE;
				GCC_WARN_UNUSED_FUNCTION = YES;
				GCC_WARN_UNUSED_VARIABLE = YES;
				MTL_ENABLE_DEBUG_INFO = NO;
				MTL_FAST_MATH = YES;
				SWIFT_COMPILATION_MODE = wholemodule;
				SWIFT_OPTIMIZATION_LEVEL = "-O";
				VERSIONING_SYSTEM = "apple-generic";
				VERSION_INFO_PREFIX = "";
			};
			name = Release;
		};
		ECEE18C82B3C9CF400C95E8A /* Debug */ = {
			isa = XCBuildConfiguration;
			buildSettings = {
				CODE_SIGN_IDENTITY = "Apple Development";
				CODE_SIGN_STYLE = Automatic;
				CURRENT_PROJECT_VERSION = 1;
				DEFINES_MODULE = YES;
				DEVELOPMENT_TEAM = P39ZK4GA2T;
				DYLIB_COMPATIBILITY_VERSION = 1;
				DYLIB_CURRENT_VERSION = 1;
				DYLIB_INSTALL_NAME_BASE = "@rpath";
				ENABLE_MODULE_VERIFIER = YES;
				GENERATE_INFOPLIST_FILE = YES;
				INFOPLIST_KEY_NSHumanReadableCopyright = "";
				INSTALL_PATH = "$(LOCAL_LIBRARY_DIR)/Frameworks";
				IPHONEOS_DEPLOYMENT_TARGET = 16.4;
				LD_RUNPATH_SEARCH_PATHS = (
					"@executable_path/Frameworks",
					"@loader_path/Frameworks",
				);
				"LD_RUNPATH_SEARCH_PATHS[sdk=macosx*]" = (
					"@executable_path/../Frameworks",
					"@loader_path/Frameworks",
				);
				MACOSX_DEPLOYMENT_TARGET = 13.3;
				MARKETING_VERSION = 1.0;
				MODULE_VERIFIER_SUPPORTED_LANGUAGES = "objective-c objective-c++";
				MODULE_VERIFIER_SUPPORTED_LANGUAGE_STANDARDS = "gnu11 gnu++20";
				PRODUCT_BUNDLE_IDENTIFIER = com.alldev.DependencyInjection;
				PRODUCT_NAME = "$(TARGET_NAME:c99extidentifier)";
				SDKROOT = auto;
				SKIP_INSTALL = YES;
				SUPPORTED_PLATFORMS = "iphoneos iphonesimulator macosx";
				SWIFT_EMIT_LOC_STRINGS = YES;
				SWIFT_VERSION = 5.0;
				TARGETED_DEVICE_FAMILY = "1,2";
			};
			name = Debug;
		};
		ECEE18C92B3C9CF400C95E8A /* Release */ = {
			isa = XCBuildConfiguration;
			buildSettings = {
				CODE_SIGN_IDENTITY = "Apple Development";
				CODE_SIGN_STYLE = Automatic;
				CURRENT_PROJECT_VERSION = 1;
				DEFINES_MODULE = YES;
				DEVELOPMENT_TEAM = P39ZK4GA2T;
				DYLIB_COMPATIBILITY_VERSION = 1;
				DYLIB_CURRENT_VERSION = 1;
				DYLIB_INSTALL_NAME_BASE = "@rpath";
				ENABLE_MODULE_VERIFIER = YES;
				GENERATE_INFOPLIST_FILE = YES;
				INFOPLIST_KEY_NSHumanReadableCopyright = "";
				INSTALL_PATH = "$(LOCAL_LIBRARY_DIR)/Frameworks";
				IPHONEOS_DEPLOYMENT_TARGET = 16.4;
				LD_RUNPATH_SEARCH_PATHS = (
					"@executable_path/Frameworks",
					"@loader_path/Frameworks",
				);
				"LD_RUNPATH_SEARCH_PATHS[sdk=macosx*]" = (
					"@executable_path/../Frameworks",
					"@loader_path/Frameworks",
				);
				MACOSX_DEPLOYMENT_TARGET = 13.3;
				MARKETING_VERSION = 1.0;
				MODULE_VERIFIER_SUPPORTED_LANGUAGES = "objective-c objective-c++";
				MODULE_VERIFIER_SUPPORTED_LANGUAGE_STANDARDS = "gnu11 gnu++20";
				PRODUCT_BUNDLE_IDENTIFIER = com.alldev.DependencyInjection;
				PRODUCT_NAME = "$(TARGET_NAME:c99extidentifier)";
				SDKROOT = auto;
				SKIP_INSTALL = YES;
				SUPPORTED_PLATFORMS = "iphoneos iphonesimulator macosx";
				SWIFT_EMIT_LOC_STRINGS = YES;
				SWIFT_VERSION = 5.0;
				TARGETED_DEVICE_FAMILY = "1,2";
			};
			name = Release;
		};
		ECEE18CB2B3C9CF400C95E8A /* Debug */ = {
			isa = XCBuildConfiguration;
			buildSettings = {
				ALWAYS_EMBED_SWIFT_STANDARD_LIBRARIES = YES;
				CODE_SIGN_STYLE = Automatic;
				CURRENT_PROJECT_VERSION = 1;
				DEVELOPMENT_TEAM = 35KQ5BDC64;
				GENERATE_INFOPLIST_FILE = YES;
				IPHONEOS_DEPLOYMENT_TARGET = 16.4;
				MACOSX_DEPLOYMENT_TARGET = 13.3;
				MARKETING_VERSION = 1.0;
				PRODUCT_BUNDLE_IDENTIFIER = com.alldev.DependencyInjectionTests;
				PRODUCT_NAME = "$(TARGET_NAME)";
				SDKROOT = auto;
				SUPPORTED_PLATFORMS = "iphoneos iphonesimulator macosx";
				SWIFT_EMIT_LOC_STRINGS = NO;
				SWIFT_VERSION = 5.0;
				TARGETED_DEVICE_FAMILY = "1,2";
			};
			name = Debug;
		};
		ECEE18CC2B3C9CF400C95E8A /* Release */ = {
			isa = XCBuildConfiguration;
			buildSettings = {
				ALWAYS_EMBED_SWIFT_STANDARD_LIBRARIES = YES;
				CODE_SIGN_STYLE = Automatic;
				CURRENT_PROJECT_VERSION = 1;
				DEVELOPMENT_TEAM = 35KQ5BDC64;
				GENERATE_INFOPLIST_FILE = YES;
				IPHONEOS_DEPLOYMENT_TARGET = 16.4;
				MACOSX_DEPLOYMENT_TARGET = 13.3;
				MARKETING_VERSION = 1.0;
				PRODUCT_BUNDLE_IDENTIFIER = com.alldev.DependencyInjectionTests;
				PRODUCT_NAME = "$(TARGET_NAME)";
				SDKROOT = auto;
				SUPPORTED_PLATFORMS = "iphoneos iphonesimulator macosx";
				SWIFT_EMIT_LOC_STRINGS = NO;
				SWIFT_VERSION = 5.0;
				TARGETED_DEVICE_FAMILY = "1,2";
			};
			name = Release;
		};
/* End XCBuildConfiguration section */

/* Begin XCConfigurationList section */
		ECEE18AD2B3C9CF400C95E8A /* Build configuration list for PBXProject "DependencyInjection" */ = {
			isa = XCConfigurationList;
			buildConfigurations = (
				ECEE18C52B3C9CF400C95E8A /* Debug */,
				ECEE18C62B3C9CF400C95E8A /* Release */,
			);
			defaultConfigurationIsVisible = 0;
			defaultConfigurationName = Release;
		};
		ECEE18C72B3C9CF400C95E8A /* Build configuration list for PBXNativeTarget "DependencyInjection" */ = {
			isa = XCConfigurationList;
			buildConfigurations = (
				ECEE18C82B3C9CF400C95E8A /* Debug */,
				ECEE18C92B3C9CF400C95E8A /* Release */,
			);
			defaultConfigurationIsVisible = 0;
			defaultConfigurationName = Release;
		};
		ECEE18CA2B3C9CF400C95E8A /* Build configuration list for PBXNativeTarget "DependencyInjectionTests" */ = {
			isa = XCConfigurationList;
			buildConfigurations = (
				ECEE18CB2B3C9CF400C95E8A /* Debug */,
				ECEE18CC2B3C9CF400C95E8A /* Release */,
			);
			defaultConfigurationIsVisible = 0;
			defaultConfigurationName = Release;
		};
/* End XCConfigurationList section */
	};
	rootObject = ECEE18AA2B3C9CF400C95E8A /* Project object */;
}
