// !$*UTF8*$!
{
	archiveVersion = 1;
	classes = {
	};
	objectVersion = 56;
	objects = {

/* Begin PBXBuildFile section */
		120919182B56D0AE00D0FA29 /* ParticipationModal.swift in Sources */ = {isa = PBXBuildFile; fileRef = 120919172B56D0AE00D0FA29 /* ParticipationModal.swift */; };
		1209191A2B56DC6C00D0FA29 /* DropDownAnswerMenu.swift in Sources */ = {isa = PBXBuildFile; fileRef = 120919192B56DC6C00D0FA29 /* DropDownAnswerMenu.swift */; };
		123590B42B51792000F7AEBD /* DetailsView.swift in Sources */ = {isa = PBXBuildFile; fileRef = 123590B32B51792000F7AEBD /* DetailsView.swift */; };
		123590B62B5537E200F7AEBD /* ResultBanner.swift in Sources */ = {isa = PBXBuildFile; fileRef = 123590B52B5537E200F7AEBD /* ResultBanner.swift */; };
		123590B82B5541BA00F7AEBD /* ParticipateButton.swift in Sources */ = {isa = PBXBuildFile; fileRef = 123590B72B5541BA00F7AEBD /* ParticipateButton.swift */; };
		1244EF602B4EC31E00374ABF /* HistoricBetView.swift in Sources */ = {isa = PBXBuildFile; fileRef = 1244EF5F2B4EC31E00374ABF /* HistoricBetView.swift */; };
		1244EF622B4EC67000374ABF /* ReviewCard.swift in Sources */ = {isa = PBXBuildFile; fileRef = 1244EF612B4EC67000374ABF /* ReviewCard.swift */; };
		12C370482B5A5EE500CD9F0F /* BetLineLoading.swift in Sources */ = {isa = PBXBuildFile; fileRef = 12C370472B5A5EE500CD9F0F /* BetLineLoading.swift */; };
		EC0193782B25BF16005D81E6 /* AllcoinsCapsule.swift in Sources */ = {isa = PBXBuildFile; fileRef = EC0193772B25BF16005D81E6 /* AllcoinsCapsule.swift */; };
		EC01937A2B25C12B005D81E6 /* BetCard.swift in Sources */ = {isa = PBXBuildFile; fileRef = EC0193792B25C12B005D81E6 /* BetCard.swift */; };
		EC01937C2B25C2A8005D81E6 /* AllcoinsCounter.swift in Sources */ = {isa = PBXBuildFile; fileRef = EC01937B2B25C2A8005D81E6 /* AllcoinsCounter.swift */; };
		EC01937E2B25C52E005D81E6 /* TopBar.swift in Sources */ = {isa = PBXBuildFile; fileRef = EC01937D2B25C52E005D81E6 /* TopBar.swift */; };
		EC01FCC32B56650400BB2390 /* DetailsViewModel.swift in Sources */ = {isa = PBXBuildFile; fileRef = EC01FCC22B56650400BB2390 /* DetailsViewModel.swift */; };
		EC01FCC52B56791B00BB2390 /* HistoricBetViewModel.swift in Sources */ = {isa = PBXBuildFile; fileRef = EC01FCC42B56791B00BB2390 /* HistoricBetViewModel.swift */; };
		EC3077072B24CB840060E34D /* SplashView.swift in Sources */ = {isa = PBXBuildFile; fileRef = EC3077062B24CB840060E34D /* SplashView.swift */; };
		EC3077092B24CF7F0060E34D /* Colors.swift in Sources */ = {isa = PBXBuildFile; fileRef = EC3077082B24CF7F0060E34D /* Colors.swift */; };
		EC30770B2B24D9160060E34D /* WelcomeView.swift in Sources */ = {isa = PBXBuildFile; fileRef = EC30770A2B24D9160060E34D /* WelcomeView.swift */; };
		EC30770D2B24DB7A0060E34D /* Extensions.swift in Sources */ = {isa = PBXBuildFile; fileRef = EC30770C2B24DB7A0060E34D /* Extensions.swift */; };
		EC30770F2B24FCB00060E34D /* RegisterView.swift in Sources */ = {isa = PBXBuildFile; fileRef = EC30770E2B24FCB00060E34D /* RegisterView.swift */; };
		EC4F0D2C2B4EBF5600853949 /* Model in Frameworks */ = {isa = PBXBuildFile; productRef = ECB357342B3E13A400045D41 /* Model */; };
		EC60C5682B5A83FB00FFD6EF /* StubLib in Frameworks */ = {isa = PBXBuildFile; productRef = EC60C5672B5A83FB00FFD6EF /* StubLib */; };
		EC650A422B25C817003AFCAD /* Friend.swift in Sources */ = {isa = PBXBuildFile; fileRef = EC650A412B25C817003AFCAD /* Friend.swift */; };
		EC650A442B25CDF3003AFCAD /* ParameterMenu.swift in Sources */ = {isa = PBXBuildFile; fileRef = EC650A432B25CDF3003AFCAD /* ParameterMenu.swift */; };
		EC650A462B25D686003AFCAD /* RankingRow.swift in Sources */ = {isa = PBXBuildFile; fileRef = EC650A452B25D686003AFCAD /* RankingRow.swift */; };
		EC650A482B25DCFF003AFCAD /* UsersPreview.swift in Sources */ = {isa = PBXBuildFile; fileRef = EC650A472B25DCFF003AFCAD /* UsersPreview.swift */; };
		EC650A4A2B25DD58003AFCAD /* FriendsView.swift in Sources */ = {isa = PBXBuildFile; fileRef = EC650A492B25DD58003AFCAD /* FriendsView.swift */; };
		EC650A4C2B25E9C7003AFCAD /* RankingView.swift in Sources */ = {isa = PBXBuildFile; fileRef = EC650A4B2B25E9C7003AFCAD /* RankingView.swift */; };
		EC650A4E2B278EDB003AFCAD /* TrendingBetCard.swift in Sources */ = {isa = PBXBuildFile; fileRef = EC650A4D2B278EDB003AFCAD /* TrendingBetCard.swift */; };
		EC650A502B2793D5003AFCAD /* TextCapsule.swift in Sources */ = {isa = PBXBuildFile; fileRef = EC650A4F2B2793D5003AFCAD /* TextCapsule.swift */; };
		EC650A522B2794DD003AFCAD /* BetView.swift in Sources */ = {isa = PBXBuildFile; fileRef = EC650A512B2794DD003AFCAD /* BetView.swift */; };
		EC650A542B279545003AFCAD /* ChoiceCapsule.swift in Sources */ = {isa = PBXBuildFile; fileRef = EC650A532B279545003AFCAD /* ChoiceCapsule.swift */; };
		EC650A562B279D68003AFCAD /* WinModal.swift in Sources */ = {isa = PBXBuildFile; fileRef = EC650A552B279D68003AFCAD /* WinModal.swift */; };
		EC650A582B279D9D003AFCAD /* RecapBetCard.swift in Sources */ = {isa = PBXBuildFile; fileRef = EC650A572B279D9D003AFCAD /* RecapBetCard.swift */; };
		EC650A622B28CB72003AFCAD /* Launch Screen.storyboard in Resources */ = {isa = PBXBuildFile; fileRef = EC650A612B28CB72003AFCAD /* Launch Screen.storyboard */; };
		EC6B969C2B24B4CC00FC1C58 /* AllInApp.swift in Sources */ = {isa = PBXBuildFile; fileRef = EC6B969B2B24B4CC00FC1C58 /* AllInApp.swift */; };
		EC6B969E2B24B4CC00FC1C58 /* ContentView.swift in Sources */ = {isa = PBXBuildFile; fileRef = EC6B969D2B24B4CC00FC1C58 /* ContentView.swift */; };
		EC6B96A02B24B4CC00FC1C58 /* Assets.xcassets in Resources */ = {isa = PBXBuildFile; fileRef = EC6B969F2B24B4CC00FC1C58 /* Assets.xcassets */; };
		EC6B96A32B24B4CC00FC1C58 /* Preview Assets.xcassets in Resources */ = {isa = PBXBuildFile; fileRef = EC6B96A22B24B4CC00FC1C58 /* Preview Assets.xcassets */; };
		EC6B96AD2B24B4CC00FC1C58 /* AllInTests.swift in Sources */ = {isa = PBXBuildFile; fileRef = EC6B96AC2B24B4CC00FC1C58 /* AllInTests.swift */; };
		EC6B96B72B24B4CC00FC1C58 /* AllInUITests.swift in Sources */ = {isa = PBXBuildFile; fileRef = EC6B96B62B24B4CC00FC1C58 /* AllInUITests.swift */; };
		EC6B96B92B24B4CC00FC1C58 /* AllInUITestsLaunchTests.swift in Sources */ = {isa = PBXBuildFile; fileRef = EC6B96B82B24B4CC00FC1C58 /* AllInUITestsLaunchTests.swift */; };
		EC6B96CC2B24B7E500FC1C58 /* IAuthService.swift in Sources */ = {isa = PBXBuildFile; fileRef = EC6B96CB2B24B7E500FC1C58 /* IAuthService.swift */; };
		EC6B96CF2B24B8D900FC1C58 /* Config.swift in Sources */ = {isa = PBXBuildFile; fileRef = EC6B96CE2B24B8D900FC1C58 /* Config.swift */; };
		EC6B96D12B24BAE800FC1C58 /* AuthService.swift in Sources */ = {isa = PBXBuildFile; fileRef = EC6B96D02B24BAE800FC1C58 /* AuthService.swift */; };
		EC6B96D52B24BE0E00FC1C58 /* MainView.swift in Sources */ = {isa = PBXBuildFile; fileRef = EC6B96D42B24BE0E00FC1C58 /* MainView.swift */; };
		EC6B96D82B24BF2100FC1C58 /* Menu.swift in Sources */ = {isa = PBXBuildFile; fileRef = EC6B96D72B24BF2100FC1C58 /* Menu.swift */; };
		EC7A882B2B28D1E0004F226A /* DropDownMenu.swift in Sources */ = {isa = PBXBuildFile; fileRef = EC7A882A2B28D1E0004F226A /* DropDownMenu.swift */; };
		EC7A882D2B28D8A1004F226A /* CreationBetView.swift in Sources */ = {isa = PBXBuildFile; fileRef = EC7A882C2B28D8A1004F226A /* CreationBetView.swift */; };
		EC7A882F2B28E6BE004F226A /* ConfidentialityButton.swift in Sources */ = {isa = PBXBuildFile; fileRef = EC7A882E2B28E6BE004F226A /* ConfidentialityButton.swift */; };
		EC89F7BD2B250D66003821CE /* LoginView.swift in Sources */ = {isa = PBXBuildFile; fileRef = EC89F7BC2B250D66003821CE /* LoginView.swift */; };
		ECA9D1C92B2D9ADA0076E0EC /* UserInfo.swift in Sources */ = {isa = PBXBuildFile; fileRef = ECA9D1C82B2D9ADA0076E0EC /* UserInfo.swift */; };
		ECA9D1CB2B2DA2320076E0EC /* DropDownFriends.swift in Sources */ = {isa = PBXBuildFile; fileRef = ECA9D1CA2B2DA2320076E0EC /* DropDownFriends.swift */; };
		ECB26A132B406A9400FE06B3 /* BetViewModel.swift in Sources */ = {isa = PBXBuildFile; fileRef = ECB26A122B406A9400FE06B3 /* BetViewModel.swift */; };
		ECB26A172B4073F100FE06B3 /* CreationBetViewModel.swift in Sources */ = {isa = PBXBuildFile; fileRef = ECB26A162B4073F100FE06B3 /* CreationBetViewModel.swift */; };
		ECB26A192B40744F00FE06B3 /* RankingViewModel.swift in Sources */ = {isa = PBXBuildFile; fileRef = ECB26A182B40744F00FE06B3 /* RankingViewModel.swift */; };
		ECB26A1B2B40746C00FE06B3 /* FriendsViewModel.swift in Sources */ = {isa = PBXBuildFile; fileRef = ECB26A1A2B40746C00FE06B3 /* FriendsViewModel.swift */; };
		ECB357322B3CA69300045D41 /* DependencyInjection.framework in Embed Frameworks */ = {isa = PBXBuildFile; fileRef = ECB357302B3CA69300045D41 /* DependencyInjection.framework */; settings = {ATTRIBUTES = (RemoveHeadersOnCopy, ); }; };
		ECB7BC682B2F1ADF002A6654 /* LoginViewModel.swift in Sources */ = {isa = PBXBuildFile; fileRef = ECB7BC672B2F1ADF002A6654 /* LoginViewModel.swift */; };
		ECB7BC6A2B2F410A002A6654 /* AppDelegate.swift in Sources */ = {isa = PBXBuildFile; fileRef = ECB7BC692B2F410A002A6654 /* AppDelegate.swift */; };
		ECB7BC6C2B2F43EE002A6654 /* AppState.swift in Sources */ = {isa = PBXBuildFile; fileRef = ECB7BC6B2B2F43EE002A6654 /* AppState.swift */; };
		ECB7BC702B336E28002A6654 /* RegisterViewModel.swift in Sources */ = {isa = PBXBuildFile; fileRef = ECB7BC6F2B336E28002A6654 /* RegisterViewModel.swift */; };
		ECCD244A2B4DE8010071FA9E /* Api in Frameworks */ = {isa = PBXBuildFile; productRef = ECCD24492B4DE8010071FA9E /* Api */; };
/* End PBXBuildFile section */

/* Begin PBXContainerItemProxy section */
		EC6B96A92B24B4CC00FC1C58 /* PBXContainerItemProxy */ = {
			isa = PBXContainerItemProxy;
			containerPortal = EC6B96902B24B4CC00FC1C58 /* Project object */;
			proxyType = 1;
			remoteGlobalIDString = EC6B96972B24B4CC00FC1C58;
			remoteInfo = AllIn;
		};
		EC6B96B32B24B4CC00FC1C58 /* PBXContainerItemProxy */ = {
			isa = PBXContainerItemProxy;
			containerPortal = EC6B96902B24B4CC00FC1C58 /* Project object */;
			proxyType = 1;
			remoteGlobalIDString = EC6B96972B24B4CC00FC1C58;
			remoteInfo = AllIn;
		};
/* End PBXContainerItemProxy section */

/* Begin PBXCopyFilesBuildPhase section */
		ECB357332B3CA69300045D41 /* Embed Frameworks */ = {
			isa = PBXCopyFilesBuildPhase;
			buildActionMask = 2147483647;
			dstPath = "";
			dstSubfolderSpec = 10;
			files = (
				ECB357322B3CA69300045D41 /* DependencyInjection.framework in Embed Frameworks */,
			);
			name = "Embed Frameworks";
			runOnlyForDeploymentPostprocessing = 0;
		};
/* End PBXCopyFilesBuildPhase section */

/* Begin PBXFileReference section */
		120919172B56D0AE00D0FA29 /* ParticipationModal.swift */ = {isa = PBXFileReference; lastKnownFileType = sourcecode.swift; path = ParticipationModal.swift; sourceTree = "<group>"; };
		120919192B56DC6C00D0FA29 /* DropDownAnswerMenu.swift */ = {isa = PBXFileReference; lastKnownFileType = sourcecode.swift; path = DropDownAnswerMenu.swift; sourceTree = "<group>"; };
		122278B72B4BDE1100E632AA /* DependencyInjection.framework */ = {isa = PBXFileReference; explicitFileType = wrapper.framework; path = DependencyInjection.framework; sourceTree = BUILT_PRODUCTS_DIR; };
		122278B92B4BDE9500E632AA /* Package.swift */ = {isa = PBXFileReference; lastKnownFileType = sourcecode.swift; name = Package.swift; path = ../Model/Package.swift; sourceTree = "<group>"; };
		123590B32B51792000F7AEBD /* DetailsView.swift */ = {isa = PBXFileReference; lastKnownFileType = sourcecode.swift; path = DetailsView.swift; sourceTree = "<group>"; };
		123590B52B5537E200F7AEBD /* ResultBanner.swift */ = {isa = PBXFileReference; lastKnownFileType = sourcecode.swift; path = ResultBanner.swift; sourceTree = "<group>"; };
		123590B72B5541BA00F7AEBD /* ParticipateButton.swift */ = {isa = PBXFileReference; lastKnownFileType = sourcecode.swift; path = ParticipateButton.swift; sourceTree = "<group>"; };
		1244EF5F2B4EC31E00374ABF /* HistoricBetView.swift */ = {isa = PBXFileReference; lastKnownFileType = sourcecode.swift; path = HistoricBetView.swift; sourceTree = "<group>"; };
		1244EF612B4EC67000374ABF /* ReviewCard.swift */ = {isa = PBXFileReference; lastKnownFileType = sourcecode.swift; path = ReviewCard.swift; sourceTree = "<group>"; };
		12C370472B5A5EE500CD9F0F /* BetLineLoading.swift */ = {isa = PBXFileReference; lastKnownFileType = sourcecode.swift; path = BetLineLoading.swift; sourceTree = "<group>"; };
		EC0193772B25BF16005D81E6 /* AllcoinsCapsule.swift */ = {isa = PBXFileReference; lastKnownFileType = sourcecode.swift; path = AllcoinsCapsule.swift; sourceTree = "<group>"; };
		EC0193792B25C12B005D81E6 /* BetCard.swift */ = {isa = PBXFileReference; lastKnownFileType = sourcecode.swift; path = BetCard.swift; sourceTree = "<group>"; };
		EC01937B2B25C2A8005D81E6 /* AllcoinsCounter.swift */ = {isa = PBXFileReference; lastKnownFileType = sourcecode.swift; path = AllcoinsCounter.swift; sourceTree = "<group>"; };
		EC01937D2B25C52E005D81E6 /* TopBar.swift */ = {isa = PBXFileReference; lastKnownFileType = sourcecode.swift; path = TopBar.swift; sourceTree = "<group>"; };
		EC01FCC22B56650400BB2390 /* DetailsViewModel.swift */ = {isa = PBXFileReference; lastKnownFileType = sourcecode.swift; path = DetailsViewModel.swift; sourceTree = "<group>"; };
		EC01FCC42B56791B00BB2390 /* HistoricBetViewModel.swift */ = {isa = PBXFileReference; lastKnownFileType = sourcecode.swift; path = HistoricBetViewModel.swift; sourceTree = "<group>"; };
		EC3077062B24CB840060E34D /* SplashView.swift */ = {isa = PBXFileReference; lastKnownFileType = sourcecode.swift; path = SplashView.swift; sourceTree = "<group>"; };
		EC3077082B24CF7F0060E34D /* Colors.swift */ = {isa = PBXFileReference; lastKnownFileType = sourcecode.swift; path = Colors.swift; sourceTree = "<group>"; };
		EC30770A2B24D9160060E34D /* WelcomeView.swift */ = {isa = PBXFileReference; lastKnownFileType = sourcecode.swift; path = WelcomeView.swift; sourceTree = "<group>"; };
		EC30770C2B24DB7A0060E34D /* Extensions.swift */ = {isa = PBXFileReference; lastKnownFileType = sourcecode.swift; path = Extensions.swift; sourceTree = "<group>"; };
		EC30770E2B24FCB00060E34D /* RegisterView.swift */ = {isa = PBXFileReference; lastKnownFileType = sourcecode.swift; path = RegisterView.swift; sourceTree = "<group>"; };
		EC650A412B25C817003AFCAD /* Friend.swift */ = {isa = PBXFileReference; lastKnownFileType = sourcecode.swift; path = Friend.swift; sourceTree = "<group>"; };
		EC650A432B25CDF3003AFCAD /* ParameterMenu.swift */ = {isa = PBXFileReference; lastKnownFileType = sourcecode.swift; path = ParameterMenu.swift; sourceTree = "<group>"; };
		EC650A452B25D686003AFCAD /* RankingRow.swift */ = {isa = PBXFileReference; lastKnownFileType = sourcecode.swift; path = RankingRow.swift; sourceTree = "<group>"; };
		EC650A472B25DCFF003AFCAD /* UsersPreview.swift */ = {isa = PBXFileReference; lastKnownFileType = sourcecode.swift; path = UsersPreview.swift; sourceTree = "<group>"; };
		EC650A492B25DD58003AFCAD /* FriendsView.swift */ = {isa = PBXFileReference; lastKnownFileType = sourcecode.swift; path = FriendsView.swift; sourceTree = "<group>"; };
		EC650A4B2B25E9C7003AFCAD /* RankingView.swift */ = {isa = PBXFileReference; lastKnownFileType = sourcecode.swift; path = RankingView.swift; sourceTree = "<group>"; };
		EC650A4D2B278EDB003AFCAD /* TrendingBetCard.swift */ = {isa = PBXFileReference; lastKnownFileType = sourcecode.swift; path = TrendingBetCard.swift; sourceTree = "<group>"; };
		EC650A4F2B2793D5003AFCAD /* TextCapsule.swift */ = {isa = PBXFileReference; lastKnownFileType = sourcecode.swift; path = TextCapsule.swift; sourceTree = "<group>"; };
		EC650A512B2794DD003AFCAD /* BetView.swift */ = {isa = PBXFileReference; lastKnownFileType = sourcecode.swift; path = BetView.swift; sourceTree = "<group>"; };
		EC650A532B279545003AFCAD /* ChoiceCapsule.swift */ = {isa = PBXFileReference; lastKnownFileType = sourcecode.swift; path = ChoiceCapsule.swift; sourceTree = "<group>"; };
		EC650A552B279D68003AFCAD /* WinModal.swift */ = {isa = PBXFileReference; lastKnownFileType = sourcecode.swift; path = WinModal.swift; sourceTree = "<group>"; };
		EC650A572B279D9D003AFCAD /* RecapBetCard.swift */ = {isa = PBXFileReference; lastKnownFileType = sourcecode.swift; path = RecapBetCard.swift; sourceTree = "<group>"; };
		EC650A612B28CB72003AFCAD /* Launch Screen.storyboard */ = {isa = PBXFileReference; lastKnownFileType = file.storyboard; path = "Launch Screen.storyboard"; sourceTree = "<group>"; };
		EC6B96982B24B4CC00FC1C58 /* AllIn.app */ = {isa = PBXFileReference; explicitFileType = wrapper.application; includeInIndex = 0; path = AllIn.app; sourceTree = BUILT_PRODUCTS_DIR; };
		EC6B969B2B24B4CC00FC1C58 /* AllInApp.swift */ = {isa = PBXFileReference; lastKnownFileType = sourcecode.swift; path = AllInApp.swift; sourceTree = "<group>"; };
		EC6B969D2B24B4CC00FC1C58 /* ContentView.swift */ = {isa = PBXFileReference; lastKnownFileType = sourcecode.swift; path = ContentView.swift; sourceTree = "<group>"; };
		EC6B969F2B24B4CC00FC1C58 /* Assets.xcassets */ = {isa = PBXFileReference; lastKnownFileType = folder.assetcatalog; path = Assets.xcassets; sourceTree = "<group>"; };
		EC6B96A22B24B4CC00FC1C58 /* Preview Assets.xcassets */ = {isa = PBXFileReference; lastKnownFileType = folder.assetcatalog; path = "Preview Assets.xcassets"; sourceTree = "<group>"; };
		EC6B96A82B24B4CC00FC1C58 /* AllInTests.xctest */ = {isa = PBXFileReference; explicitFileType = wrapper.cfbundle; includeInIndex = 0; path = AllInTests.xctest; sourceTree = BUILT_PRODUCTS_DIR; };
		EC6B96AC2B24B4CC00FC1C58 /* AllInTests.swift */ = {isa = PBXFileReference; lastKnownFileType = sourcecode.swift; path = AllInTests.swift; sourceTree = "<group>"; };
		EC6B96B22B24B4CC00FC1C58 /* AllInUITests.xctest */ = {isa = PBXFileReference; explicitFileType = wrapper.cfbundle; includeInIndex = 0; path = AllInUITests.xctest; sourceTree = BUILT_PRODUCTS_DIR; };
		EC6B96B62B24B4CC00FC1C58 /* AllInUITests.swift */ = {isa = PBXFileReference; lastKnownFileType = sourcecode.swift; path = AllInUITests.swift; sourceTree = "<group>"; };
		EC6B96B82B24B4CC00FC1C58 /* AllInUITestsLaunchTests.swift */ = {isa = PBXFileReference; lastKnownFileType = sourcecode.swift; path = AllInUITestsLaunchTests.swift; sourceTree = "<group>"; };
		EC6B96CB2B24B7E500FC1C58 /* IAuthService.swift */ = {isa = PBXFileReference; lastKnownFileType = sourcecode.swift; path = IAuthService.swift; sourceTree = "<group>"; };
		EC6B96CE2B24B8D900FC1C58 /* Config.swift */ = {isa = PBXFileReference; lastKnownFileType = sourcecode.swift; path = Config.swift; sourceTree = "<group>"; };
		EC6B96D02B24BAE800FC1C58 /* AuthService.swift */ = {isa = PBXFileReference; lastKnownFileType = sourcecode.swift; path = AuthService.swift; sourceTree = "<group>"; };
		EC6B96D42B24BE0E00FC1C58 /* MainView.swift */ = {isa = PBXFileReference; lastKnownFileType = sourcecode.swift; path = MainView.swift; sourceTree = "<group>"; };
		EC6B96D72B24BF2100FC1C58 /* Menu.swift */ = {isa = PBXFileReference; lastKnownFileType = sourcecode.swift; path = Menu.swift; sourceTree = "<group>"; };
		EC7A882A2B28D1E0004F226A /* DropDownMenu.swift */ = {isa = PBXFileReference; lastKnownFileType = sourcecode.swift; path = DropDownMenu.swift; sourceTree = "<group>"; };
		EC7A882C2B28D8A1004F226A /* CreationBetView.swift */ = {isa = PBXFileReference; lastKnownFileType = sourcecode.swift; path = CreationBetView.swift; sourceTree = "<group>"; };
		EC7A882E2B28E6BE004F226A /* ConfidentialityButton.swift */ = {isa = PBXFileReference; lastKnownFileType = sourcecode.swift; path = ConfidentialityButton.swift; sourceTree = "<group>"; };
		EC89F7BC2B250D66003821CE /* LoginView.swift */ = {isa = PBXFileReference; lastKnownFileType = sourcecode.swift; path = LoginView.swift; sourceTree = "<group>"; };
		ECA9D1C82B2D9ADA0076E0EC /* UserInfo.swift */ = {isa = PBXFileReference; lastKnownFileType = sourcecode.swift; path = UserInfo.swift; sourceTree = "<group>"; };
		ECA9D1CA2B2DA2320076E0EC /* DropDownFriends.swift */ = {isa = PBXFileReference; lastKnownFileType = sourcecode.swift; path = DropDownFriends.swift; sourceTree = "<group>"; };
		ECB26A122B406A9400FE06B3 /* BetViewModel.swift */ = {isa = PBXFileReference; lastKnownFileType = sourcecode.swift; path = BetViewModel.swift; sourceTree = "<group>"; };
		ECB26A162B4073F100FE06B3 /* CreationBetViewModel.swift */ = {isa = PBXFileReference; lastKnownFileType = sourcecode.swift; path = CreationBetViewModel.swift; sourceTree = "<group>"; };
		ECB26A182B40744F00FE06B3 /* RankingViewModel.swift */ = {isa = PBXFileReference; lastKnownFileType = sourcecode.swift; path = RankingViewModel.swift; sourceTree = "<group>"; };
		ECB26A1A2B40746C00FE06B3 /* FriendsViewModel.swift */ = {isa = PBXFileReference; lastKnownFileType = sourcecode.swift; path = FriendsViewModel.swift; sourceTree = "<group>"; };
		ECB3572E2B3CA3C300045D41 /* DependencyInjection.framework */ = {isa = PBXFileReference; explicitFileType = wrapper.framework; path = DependencyInjection.framework; sourceTree = BUILT_PRODUCTS_DIR; };
		ECB357302B3CA69300045D41 /* DependencyInjection.framework */ = {isa = PBXFileReference; explicitFileType = wrapper.framework; path = DependencyInjection.framework; sourceTree = BUILT_PRODUCTS_DIR; };
		ECB7BC672B2F1ADF002A6654 /* LoginViewModel.swift */ = {isa = PBXFileReference; lastKnownFileType = sourcecode.swift; path = LoginViewModel.swift; sourceTree = "<group>"; };
		ECB7BC692B2F410A002A6654 /* AppDelegate.swift */ = {isa = PBXFileReference; lastKnownFileType = sourcecode.swift; path = AppDelegate.swift; sourceTree = "<group>"; };
		ECB7BC6B2B2F43EE002A6654 /* AppState.swift */ = {isa = PBXFileReference; lastKnownFileType = sourcecode.swift; path = AppState.swift; sourceTree = "<group>"; };
		ECB7BC6F2B336E28002A6654 /* RegisterViewModel.swift */ = {isa = PBXFileReference; lastKnownFileType = sourcecode.swift; path = RegisterViewModel.swift; sourceTree = "<group>"; };
/* End PBXFileReference section */

/* Begin PBXFrameworksBuildPhase section */
		EC6B96952B24B4CC00FC1C58 /* Frameworks */ = {
			isa = PBXFrameworksBuildPhase;
			buildActionMask = 2147483647;
			files = (
				EC60C5682B5A83FB00FFD6EF /* StubLib in Frameworks */,
				EC4F0D2C2B4EBF5600853949 /* Model in Frameworks */,
				ECCD244A2B4DE8010071FA9E /* Api in Frameworks */,
			);
			runOnlyForDeploymentPostprocessing = 0;
		};
		EC6B96A52B24B4CC00FC1C58 /* Frameworks */ = {
			isa = PBXFrameworksBuildPhase;
			buildActionMask = 2147483647;
			files = (
			);
			runOnlyForDeploymentPostprocessing = 0;
		};
		EC6B96AF2B24B4CC00FC1C58 /* Frameworks */ = {
			isa = PBXFrameworksBuildPhase;
			buildActionMask = 2147483647;
			files = (
			);
			runOnlyForDeploymentPostprocessing = 0;
		};
/* End PBXFrameworksBuildPhase section */

/* Begin PBXGroup section */
		EC6B968F2B24B4CC00FC1C58 = {
			isa = PBXGroup;
			children = (
				EC6B969A2B24B4CC00FC1C58 /* AllIn */,
				EC6B96AB2B24B4CC00FC1C58 /* AllInTests */,
				EC6B96B52B24B4CC00FC1C58 /* AllInUITests */,
				EC6B96992B24B4CC00FC1C58 /* Products */,
				ECB3572D2B3CA3BD00045D41 /* Frameworks */,
			);
			sourceTree = "<group>";
		};
		EC6B96992B24B4CC00FC1C58 /* Products */ = {
			isa = PBXGroup;
			children = (
				EC6B96982B24B4CC00FC1C58 /* AllIn.app */,
				EC6B96A82B24B4CC00FC1C58 /* AllInTests.xctest */,
				EC6B96B22B24B4CC00FC1C58 /* AllInUITests.xctest */,
			);
			name = Products;
			sourceTree = "<group>";
		};
		EC6B969A2B24B4CC00FC1C58 /* AllIn */ = {
			isa = PBXGroup;
			children = (
				ECB7BC662B2F1AAD002A6654 /* ViewModels */,
				EC6B96D62B24BEBD00FC1C58 /* Components */,
				EC6B96D32B24BC6700FC1C58 /* Views */,
				EC6B96D22B24BC4F00FC1C58 /* Extensions */,
				EC6B96CD2B24B8A300FC1C58 /* Ressources */,
				EC6B96CA2B24B7B300FC1C58 /* Services */,
				EC6B969B2B24B4CC00FC1C58 /* AllInApp.swift */,
				EC6B969D2B24B4CC00FC1C58 /* ContentView.swift */,
				EC6B969F2B24B4CC00FC1C58 /* Assets.xcassets */,
				EC650A612B28CB72003AFCAD /* Launch Screen.storyboard */,
				ECB7BC692B2F410A002A6654 /* AppDelegate.swift */,
				ECB7BC6B2B2F43EE002A6654 /* AppState.swift */,
				EC6B96A12B24B4CC00FC1C58 /* Preview Content */,
			);
			path = AllIn;
			sourceTree = "<group>";
		};
		EC6B96A12B24B4CC00FC1C58 /* Preview Content */ = {
			isa = PBXGroup;
			children = (
				EC6B96A22B24B4CC00FC1C58 /* Preview Assets.xcassets */,
			);
			path = "Preview Content";
			sourceTree = "<group>";
		};
		EC6B96AB2B24B4CC00FC1C58 /* AllInTests */ = {
			isa = PBXGroup;
			children = (
				EC6B96AC2B24B4CC00FC1C58 /* AllInTests.swift */,
			);
			path = AllInTests;
			sourceTree = "<group>";
		};
		EC6B96B52B24B4CC00FC1C58 /* AllInUITests */ = {
			isa = PBXGroup;
			children = (
				EC6B96B62B24B4CC00FC1C58 /* AllInUITests.swift */,
				EC6B96B82B24B4CC00FC1C58 /* AllInUITestsLaunchTests.swift */,
			);
			path = AllInUITests;
			sourceTree = "<group>";
		};
		EC6B96CA2B24B7B300FC1C58 /* Services */ = {
			isa = PBXGroup;
			children = (
				EC6B96CB2B24B7E500FC1C58 /* IAuthService.swift */,
				EC6B96D02B24BAE800FC1C58 /* AuthService.swift */,
			);
			path = Services;
			sourceTree = "<group>";
		};
		EC6B96CD2B24B8A300FC1C58 /* Ressources */ = {
			isa = PBXGroup;
			children = (
				EC6B96CE2B24B8D900FC1C58 /* Config.swift */,
				EC3077082B24CF7F0060E34D /* Colors.swift */,
			);
			path = Ressources;
			sourceTree = "<group>";
		};
		EC6B96D22B24BC4F00FC1C58 /* Extensions */ = {
			isa = PBXGroup;
			children = (
				EC30770C2B24DB7A0060E34D /* Extensions.swift */,
			);
			path = Extensions;
			sourceTree = "<group>";
		};
		EC6B96D32B24BC6700FC1C58 /* Views */ = {
			isa = PBXGroup;
			children = (
				EC6B96D42B24BE0E00FC1C58 /* MainView.swift */,
				EC3077062B24CB840060E34D /* SplashView.swift */,
				EC30770A2B24D9160060E34D /* WelcomeView.swift */,
				EC30770E2B24FCB00060E34D /* RegisterView.swift */,
				EC89F7BC2B250D66003821CE /* LoginView.swift */,
				EC650A492B25DD58003AFCAD /* FriendsView.swift */,
				EC650A4B2B25E9C7003AFCAD /* RankingView.swift */,
				EC650A512B2794DD003AFCAD /* BetView.swift */,
				EC7A882C2B28D8A1004F226A /* CreationBetView.swift */,
				1244EF5F2B4EC31E00374ABF /* HistoricBetView.swift */,
				123590B32B51792000F7AEBD /* DetailsView.swift */,
			);
			path = Views;
			sourceTree = "<group>";
		};
		EC6B96D62B24BEBD00FC1C58 /* Components */ = {
			isa = PBXGroup;
			children = (
				EC6B96D72B24BF2100FC1C58 /* Menu.swift */,
				EC0193772B25BF16005D81E6 /* AllcoinsCapsule.swift */,
				EC0193792B25C12B005D81E6 /* BetCard.swift */,
				EC01937B2B25C2A8005D81E6 /* AllcoinsCounter.swift */,
				EC01937D2B25C52E005D81E6 /* TopBar.swift */,
				EC650A412B25C817003AFCAD /* Friend.swift */,
				EC650A432B25CDF3003AFCAD /* ParameterMenu.swift */,
				EC650A452B25D686003AFCAD /* RankingRow.swift */,
				EC650A472B25DCFF003AFCAD /* UsersPreview.swift */,
				EC650A4D2B278EDB003AFCAD /* TrendingBetCard.swift */,
				EC650A4F2B2793D5003AFCAD /* TextCapsule.swift */,
				EC650A532B279545003AFCAD /* ChoiceCapsule.swift */,
				EC650A552B279D68003AFCAD /* WinModal.swift */,
				EC650A572B279D9D003AFCAD /* RecapBetCard.swift */,
				EC7A882A2B28D1E0004F226A /* DropDownMenu.swift */,
				EC7A882E2B28E6BE004F226A /* ConfidentialityButton.swift */,
				ECA9D1C82B2D9ADA0076E0EC /* UserInfo.swift */,
				ECA9D1CA2B2DA2320076E0EC /* DropDownFriends.swift */,
				1244EF612B4EC67000374ABF /* ReviewCard.swift */,
				123590B52B5537E200F7AEBD /* ResultBanner.swift */,
				123590B72B5541BA00F7AEBD /* ParticipateButton.swift */,
				120919172B56D0AE00D0FA29 /* ParticipationModal.swift */,
				120919192B56DC6C00D0FA29 /* DropDownAnswerMenu.swift */,
				12C370472B5A5EE500CD9F0F /* BetLineLoading.swift */,
			);
			path = Components;
			sourceTree = "<group>";
		};
		ECB3572D2B3CA3BD00045D41 /* Frameworks */ = {
			isa = PBXGroup;
			children = (
				122278B92B4BDE9500E632AA /* Package.swift */,
				122278B72B4BDE1100E632AA /* DependencyInjection.framework */,
				ECB357302B3CA69300045D41 /* DependencyInjection.framework */,
				ECB3572E2B3CA3C300045D41 /* DependencyInjection.framework */,
			);
			name = Frameworks;
			sourceTree = "<group>";
		};
		ECB7BC662B2F1AAD002A6654 /* ViewModels */ = {
			isa = PBXGroup;
			children = (
				ECB7BC672B2F1ADF002A6654 /* LoginViewModel.swift */,
				ECB7BC6F2B336E28002A6654 /* RegisterViewModel.swift */,
				ECB26A122B406A9400FE06B3 /* BetViewModel.swift */,
				ECB26A162B4073F100FE06B3 /* CreationBetViewModel.swift */,
				ECB26A182B40744F00FE06B3 /* RankingViewModel.swift */,
				ECB26A1A2B40746C00FE06B3 /* FriendsViewModel.swift */,
				EC01FCC22B56650400BB2390 /* DetailsViewModel.swift */,
				EC01FCC42B56791B00BB2390 /* HistoricBetViewModel.swift */,
			);
			path = ViewModels;
			sourceTree = "<group>";
		};
/* End PBXGroup section */

/* Begin PBXNativeTarget section */
		EC6B96972B24B4CC00FC1C58 /* AllIn */ = {
			isa = PBXNativeTarget;
			buildConfigurationList = EC6B96BC2B24B4CC00FC1C58 /* Build configuration list for PBXNativeTarget "AllIn" */;
			buildPhases = (
				EC6B96942B24B4CC00FC1C58 /* Sources */,
				EC6B96952B24B4CC00FC1C58 /* Frameworks */,
				EC6B96962B24B4CC00FC1C58 /* Resources */,
				ECB357332B3CA69300045D41 /* Embed Frameworks */,
			);
			buildRules = (
			);
			dependencies = (
			);
			name = AllIn;
			packageProductDependencies = (
				ECB357342B3E13A400045D41 /* Model */,
				ECCD24492B4DE8010071FA9E /* Api */,
				EC60C5672B5A83FB00FFD6EF /* StubLib */,
			);
			productName = AllIn;
			productReference = EC6B96982B24B4CC00FC1C58 /* AllIn.app */;
			productType = "com.apple.product-type.application";
		};
		EC6B96A72B24B4CC00FC1C58 /* AllInTests */ = {
			isa = PBXNativeTarget;
			buildConfigurationList = EC6B96BF2B24B4CC00FC1C58 /* Build configuration list for PBXNativeTarget "AllInTests" */;
			buildPhases = (
				EC6B96A42B24B4CC00FC1C58 /* Sources */,
				EC6B96A52B24B4CC00FC1C58 /* Frameworks */,
				EC6B96A62B24B4CC00FC1C58 /* Resources */,
			);
			buildRules = (
			);
			dependencies = (
				EC6B96AA2B24B4CC00FC1C58 /* PBXTargetDependency */,
			);
			name = AllInTests;
			productName = AllInTests;
			productReference = EC6B96A82B24B4CC00FC1C58 /* AllInTests.xctest */;
			productType = "com.apple.product-type.bundle.unit-test";
		};
		EC6B96B12B24B4CC00FC1C58 /* AllInUITests */ = {
			isa = PBXNativeTarget;
			buildConfigurationList = EC6B96C22B24B4CC00FC1C58 /* Build configuration list for PBXNativeTarget "AllInUITests" */;
			buildPhases = (
				EC6B96AE2B24B4CC00FC1C58 /* Sources */,
				EC6B96AF2B24B4CC00FC1C58 /* Frameworks */,
				EC6B96B02B24B4CC00FC1C58 /* Resources */,
			);
			buildRules = (
			);
			dependencies = (
				EC6B96B42B24B4CC00FC1C58 /* PBXTargetDependency */,
			);
			name = AllInUITests;
			productName = AllInUITests;
			productReference = EC6B96B22B24B4CC00FC1C58 /* AllInUITests.xctest */;
			productType = "com.apple.product-type.bundle.ui-testing";
		};
/* End PBXNativeTarget section */

/* Begin PBXProject section */
		EC6B96902B24B4CC00FC1C58 /* Project object */ = {
			isa = PBXProject;
			attributes = {
				BuildIndependentTargetsInParallel = 1;
				LastSwiftUpdateCheck = 1430;
				LastUpgradeCheck = 1430;
				TargetAttributes = {
					EC6B96972B24B4CC00FC1C58 = {
						CreatedOnToolsVersion = 14.3.1;
					};
					EC6B96A72B24B4CC00FC1C58 = {
						CreatedOnToolsVersion = 14.3.1;
						TestTargetID = EC6B96972B24B4CC00FC1C58;
					};
					EC6B96B12B24B4CC00FC1C58 = {
						CreatedOnToolsVersion = 14.3.1;
						TestTargetID = EC6B96972B24B4CC00FC1C58;
					};
				};
			};
			buildConfigurationList = EC6B96932B24B4CC00FC1C58 /* Build configuration list for PBXProject "AllInApp" */;
			compatibilityVersion = "Xcode 14.0";
			developmentRegion = en;
			hasScannedForEncodings = 0;
			knownRegions = (
				en,
				Base,
			);
			mainGroup = EC6B968F2B24B4CC00FC1C58;
			packageReferences = (
			);
			productRefGroup = EC6B96992B24B4CC00FC1C58 /* Products */;
			projectDirPath = "";
			projectRoot = "";
			targets = (
				EC6B96972B24B4CC00FC1C58 /* AllIn */,
				EC6B96A72B24B4CC00FC1C58 /* AllInTests */,
				EC6B96B12B24B4CC00FC1C58 /* AllInUITests */,
			);
		};
/* End PBXProject section */

/* Begin PBXResourcesBuildPhase section */
		EC6B96962B24B4CC00FC1C58 /* Resources */ = {
			isa = PBXResourcesBuildPhase;
			buildActionMask = 2147483647;
			files = (
				EC650A622B28CB72003AFCAD /* Launch Screen.storyboard in Resources */,
				EC6B96A32B24B4CC00FC1C58 /* Preview Assets.xcassets in Resources */,
				EC6B96A02B24B4CC00FC1C58 /* Assets.xcassets in Resources */,
			);
			runOnlyForDeploymentPostprocessing = 0;
		};
		EC6B96A62B24B4CC00FC1C58 /* Resources */ = {
			isa = PBXResourcesBuildPhase;
			buildActionMask = 2147483647;
			files = (
			);
			runOnlyForDeploymentPostprocessing = 0;
		};
		EC6B96B02B24B4CC00FC1C58 /* Resources */ = {
			isa = PBXResourcesBuildPhase;
			buildActionMask = 2147483647;
			files = (
			);
			runOnlyForDeploymentPostprocessing = 0;
		};
/* End PBXResourcesBuildPhase section */

/* Begin PBXSourcesBuildPhase section */
		EC6B96942B24B4CC00FC1C58 /* Sources */ = {
			isa = PBXSourcesBuildPhase;
			buildActionMask = 2147483647;
			files = (
				EC6B96CC2B24B7E500FC1C58 /* IAuthService.swift in Sources */,
				ECB26A172B4073F100FE06B3 /* CreationBetViewModel.swift in Sources */,
				EC3077092B24CF7F0060E34D /* Colors.swift in Sources */,
				ECB7BC6A2B2F410A002A6654 /* AppDelegate.swift in Sources */,
				EC6B969E2B24B4CC00FC1C58 /* ContentView.swift in Sources */,
				EC89F7BD2B250D66003821CE /* LoginView.swift in Sources */,
				EC650A442B25CDF3003AFCAD /* ParameterMenu.swift in Sources */,
				120919182B56D0AE00D0FA29 /* ParticipationModal.swift in Sources */,
				ECB26A132B406A9400FE06B3 /* BetViewModel.swift in Sources */,
				EC30770F2B24FCB00060E34D /* RegisterView.swift in Sources */,
				EC650A522B2794DD003AFCAD /* BetView.swift in Sources */,
				EC6B969C2B24B4CC00FC1C58 /* AllInApp.swift in Sources */,
				123590B42B51792000F7AEBD /* DetailsView.swift in Sources */,
				ECB26A192B40744F00FE06B3 /* RankingViewModel.swift in Sources */,
				EC650A502B2793D5003AFCAD /* TextCapsule.swift in Sources */,
				EC650A482B25DCFF003AFCAD /* UsersPreview.swift in Sources */,
				EC650A462B25D686003AFCAD /* RankingRow.swift in Sources */,
				EC01937A2B25C12B005D81E6 /* BetCard.swift in Sources */,
				EC650A422B25C817003AFCAD /* Friend.swift in Sources */,
				EC7A882F2B28E6BE004F226A /* ConfidentialityButton.swift in Sources */,
				ECB7BC702B336E28002A6654 /* RegisterViewModel.swift in Sources */,
				EC650A4C2B25E9C7003AFCAD /* RankingView.swift in Sources */,
				EC7A882B2B28D1E0004F226A /* DropDownMenu.swift in Sources */,
				EC7A882D2B28D8A1004F226A /* CreationBetView.swift in Sources */,
				EC6B96CF2B24B8D900FC1C58 /* Config.swift in Sources */,
				1244EF602B4EC31E00374ABF /* HistoricBetView.swift in Sources */,
				EC30770B2B24D9160060E34D /* WelcomeView.swift in Sources */,
				EC30770D2B24DB7A0060E34D /* Extensions.swift in Sources */,
				EC6B96D82B24BF2100FC1C58 /* Menu.swift in Sources */,
				EC650A4E2B278EDB003AFCAD /* TrendingBetCard.swift in Sources */,
				EC0193782B25BF16005D81E6 /* AllcoinsCapsule.swift in Sources */,
				EC650A4A2B25DD58003AFCAD /* FriendsView.swift in Sources */,
				EC3077072B24CB840060E34D /* SplashView.swift in Sources */,
				EC01937E2B25C52E005D81E6 /* TopBar.swift in Sources */,
				ECA9D1CB2B2DA2320076E0EC /* DropDownFriends.swift in Sources */,
				123590B82B5541BA00F7AEBD /* ParticipateButton.swift in Sources */,
				EC01FCC32B56650400BB2390 /* DetailsViewModel.swift in Sources */,
				ECB26A1B2B40746C00FE06B3 /* FriendsViewModel.swift in Sources */,
				ECB7BC682B2F1ADF002A6654 /* LoginViewModel.swift in Sources */,
				1244EF622B4EC67000374ABF /* ReviewCard.swift in Sources */,
				EC6B96D52B24BE0E00FC1C58 /* MainView.swift in Sources */,
				EC650A562B279D68003AFCAD /* WinModal.swift in Sources */,
				EC6B96D12B24BAE800FC1C58 /* AuthService.swift in Sources */,
				123590B62B5537E200F7AEBD /* ResultBanner.swift in Sources */,
				EC01FCC52B56791B00BB2390 /* HistoricBetViewModel.swift in Sources */,
				EC01937C2B25C2A8005D81E6 /* AllcoinsCounter.swift in Sources */,
				12C370482B5A5EE500CD9F0F /* BetLineLoading.swift in Sources */,
				EC650A542B279545003AFCAD /* ChoiceCapsule.swift in Sources */,
				ECB7BC6C2B2F43EE002A6654 /* AppState.swift in Sources */,
				ECA9D1C92B2D9ADA0076E0EC /* UserInfo.swift in Sources */,
				1209191A2B56DC6C00D0FA29 /* DropDownAnswerMenu.swift in Sources */,
				EC650A582B279D9D003AFCAD /* RecapBetCard.swift in Sources */,
			);
			runOnlyForDeploymentPostprocessing = 0;
		};
		EC6B96A42B24B4CC00FC1C58 /* Sources */ = {
			isa = PBXSourcesBuildPhase;
			buildActionMask = 2147483647;
			files = (
				EC6B96AD2B24B4CC00FC1C58 /* AllInTests.swift in Sources */,
			);
			runOnlyForDeploymentPostprocessing = 0;
		};
		EC6B96AE2B24B4CC00FC1C58 /* Sources */ = {
			isa = PBXSourcesBuildPhase;
			buildActionMask = 2147483647;
			files = (
				EC6B96B72B24B4CC00FC1C58 /* AllInUITests.swift in Sources */,
				EC6B96B92B24B4CC00FC1C58 /* AllInUITestsLaunchTests.swift in Sources */,
			);
			runOnlyForDeploymentPostprocessing = 0;
		};
/* End PBXSourcesBuildPhase section */

/* Begin PBXTargetDependency section */
		EC6B96AA2B24B4CC00FC1C58 /* PBXTargetDependency */ = {
			isa = PBXTargetDependency;
			target = EC6B96972B24B4CC00FC1C58 /* AllIn */;
			targetProxy = EC6B96A92B24B4CC00FC1C58 /* PBXContainerItemProxy */;
		};
		EC6B96B42B24B4CC00FC1C58 /* PBXTargetDependency */ = {
			isa = PBXTargetDependency;
			target = EC6B96972B24B4CC00FC1C58 /* AllIn */;
			targetProxy = EC6B96B32B24B4CC00FC1C58 /* PBXContainerItemProxy */;
		};
/* End PBXTargetDependency section */

/* Begin XCBuildConfiguration section */
		EC6B96BA2B24B4CC00FC1C58 /* Debug */ = {
			isa = XCBuildConfiguration;
			buildSettings = {
				ALWAYS_SEARCH_USER_PATHS = NO;
				CLANG_ANALYZER_NONNULL = YES;
				CLANG_ANALYZER_NUMBER_OBJECT_CONVERSION = YES_AGGRESSIVE;
				CLANG_CXX_LANGUAGE_STANDARD = "gnu++20";
				CLANG_ENABLE_MODULES = YES;
				CLANG_ENABLE_OBJC_ARC = YES;
				CLANG_ENABLE_OBJC_WEAK = YES;
				CLANG_WARN_BLOCK_CAPTURE_AUTORELEASING = YES;
				CLANG_WARN_BOOL_CONVERSION = YES;
				CLANG_WARN_COMMA = YES;
				CLANG_WARN_CONSTANT_CONVERSION = YES;
				CLANG_WARN_DEPRECATED_OBJC_IMPLEMENTATIONS = YES;
				CLANG_WARN_DIRECT_OBJC_ISA_USAGE = YES_ERROR;
				CLANG_WARN_DOCUMENTATION_COMMENTS = YES;
				CLANG_WARN_EMPTY_BODY = YES;
				CLANG_WARN_ENUM_CONVERSION = YES;
				CLANG_WARN_INFINITE_RECURSION = YES;
				CLANG_WARN_INT_CONVERSION = YES;
				CLANG_WARN_NON_LITERAL_NULL_CONVERSION = YES;
				CLANG_WARN_OBJC_IMPLICIT_RETAIN_SELF = YES;
				CLANG_WARN_OBJC_LITERAL_CONVERSION = YES;
				CLANG_WARN_OBJC_ROOT_CLASS = YES_ERROR;
				CLANG_WARN_QUOTED_INCLUDE_IN_FRAMEWORK_HEADER = YES;
				CLANG_WARN_RANGE_LOOP_ANALYSIS = YES;
				CLANG_WARN_STRICT_PROTOTYPES = YES;
				CLANG_WARN_SUSPICIOUS_MOVE = YES;
				CLANG_WARN_UNGUARDED_AVAILABILITY = YES_AGGRESSIVE;
				CLANG_WARN_UNREACHABLE_CODE = YES;
				CLANG_WARN__DUPLICATE_METHOD_MATCH = YES;
				COPY_PHASE_STRIP = NO;
				DEBUG_INFORMATION_FORMAT = dwarf;
				ENABLE_STRICT_OBJC_MSGSEND = YES;
				ENABLE_TESTABILITY = YES;
				GCC_C_LANGUAGE_STANDARD = gnu11;
				GCC_DYNAMIC_NO_PIC = NO;
				GCC_NO_COMMON_BLOCKS = YES;
				GCC_OPTIMIZATION_LEVEL = 0;
				GCC_PREPROCESSOR_DEFINITIONS = (
					"DEBUG=1",
					"$(inherited)",
				);
				GCC_WARN_64_TO_32_BIT_CONVERSION = YES;
				GCC_WARN_ABOUT_RETURN_TYPE = YES_ERROR;
				GCC_WARN_UNDECLARED_SELECTOR = YES;
				GCC_WARN_UNINITIALIZED_AUTOS = YES_AGGRESSIVE;
				GCC_WARN_UNUSED_FUNCTION = YES;
				GCC_WARN_UNUSED_VARIABLE = YES;
				IPHONEOS_DEPLOYMENT_TARGET = 16.4;
				MTL_ENABLE_DEBUG_INFO = INCLUDE_SOURCE;
				MTL_FAST_MATH = YES;
				ONLY_ACTIVE_ARCH = YES;
				SDKROOT = iphoneos;
				SWIFT_ACTIVE_COMPILATION_CONDITIONS = DEBUG;
				SWIFT_OPTIMIZATION_LEVEL = "-Onone";
			};
			name = Debug;
		};
		EC6B96BB2B24B4CC00FC1C58 /* Release */ = {
			isa = XCBuildConfiguration;
			buildSettings = {
				ALWAYS_SEARCH_USER_PATHS = NO;
				CLANG_ANALYZER_NONNULL = YES;
				CLANG_ANALYZER_NUMBER_OBJECT_CONVERSION = YES_AGGRESSIVE;
				CLANG_CXX_LANGUAGE_STANDARD = "gnu++20";
				CLANG_ENABLE_MODULES = YES;
				CLANG_ENABLE_OBJC_ARC = YES;
				CLANG_ENABLE_OBJC_WEAK = YES;
				CLANG_WARN_BLOCK_CAPTURE_AUTORELEASING = YES;
				CLANG_WARN_BOOL_CONVERSION = YES;
				CLANG_WARN_COMMA = YES;
				CLANG_WARN_CONSTANT_CONVERSION = YES;
				CLANG_WARN_DEPRECATED_OBJC_IMPLEMENTATIONS = YES;
				CLANG_WARN_DIRECT_OBJC_ISA_USAGE = YES_ERROR;
				CLANG_WARN_DOCUMENTATION_COMMENTS = YES;
				CLANG_WARN_EMPTY_BODY = YES;
				CLANG_WARN_ENUM_CONVERSION = YES;
				CLANG_WARN_INFINITE_RECURSION = YES;
				CLANG_WARN_INT_CONVERSION = YES;
				CLANG_WARN_NON_LITERAL_NULL_CONVERSION = YES;
				CLANG_WARN_OBJC_IMPLICIT_RETAIN_SELF = YES;
				CLANG_WARN_OBJC_LITERAL_CONVERSION = YES;
				CLANG_WARN_OBJC_ROOT_CLASS = YES_ERROR;
				CLANG_WARN_QUOTED_INCLUDE_IN_FRAMEWORK_HEADER = YES;
				CLANG_WARN_RANGE_LOOP_ANALYSIS = YES;
				CLANG_WARN_STRICT_PROTOTYPES = YES;
				CLANG_WARN_SUSPICIOUS_MOVE = YES;
				CLANG_WARN_UNGUARDED_AVAILABILITY = YES_AGGRESSIVE;
				CLANG_WARN_UNREACHABLE_CODE = YES;
				CLANG_WARN__DUPLICATE_METHOD_MATCH = YES;
				COPY_PHASE_STRIP = NO;
				DEBUG_INFORMATION_FORMAT = "dwarf-with-dsym";
				ENABLE_NS_ASSERTIONS = NO;
				ENABLE_STRICT_OBJC_MSGSEND = YES;
				GCC_C_LANGUAGE_STANDARD = gnu11;
				GCC_NO_COMMON_BLOCKS = YES;
				GCC_WARN_64_TO_32_BIT_CONVERSION = YES;
				GCC_WARN_ABOUT_RETURN_TYPE = YES_ERROR;
				GCC_WARN_UNDECLARED_SELECTOR = YES;
				GCC_WARN_UNINITIALIZED_AUTOS = YES_AGGRESSIVE;
				GCC_WARN_UNUSED_FUNCTION = YES;
				GCC_WARN_UNUSED_VARIABLE = YES;
				IPHONEOS_DEPLOYMENT_TARGET = 16.4;
				MTL_ENABLE_DEBUG_INFO = NO;
				MTL_FAST_MATH = YES;
				SDKROOT = iphoneos;
				SWIFT_COMPILATION_MODE = wholemodule;
				SWIFT_OPTIMIZATION_LEVEL = "-O";
				VALIDATE_PRODUCT = YES;
			};
			name = Release;
		};
		EC6B96BD2B24B4CC00FC1C58 /* Debug */ = {
			isa = XCBuildConfiguration;
			buildSettings = {
				ASSETCATALOG_COMPILER_APPICON_NAME = AppIcon;
				ASSETCATALOG_COMPILER_GLOBAL_ACCENT_COLOR_NAME = AccentColor;
				CODE_SIGN_STYLE = Automatic;
				CURRENT_PROJECT_VERSION = 1;
				DEVELOPMENT_ASSET_PATHS = "\"AllIn/Preview Content\"";
				DEVELOPMENT_TEAM = 35KQ5BDC64;
				ENABLE_PREVIEWS = YES;
				GENERATE_INFOPLIST_FILE = YES;
				INFOPLIST_KEY_CFBundleDisplayName = "All In";
				INFOPLIST_KEY_UIApplicationSceneManifest_Generation = YES;
				INFOPLIST_KEY_UIApplicationSupportsIndirectInputEvents = YES;
				INFOPLIST_KEY_UILaunchScreen_Generation = YES;
				INFOPLIST_KEY_UILaunchStoryboardName = "Launch Screen.storyboard";
				INFOPLIST_KEY_UISupportedInterfaceOrientations = UIInterfaceOrientationPortrait;
				INFOPLIST_KEY_UISupportedInterfaceOrientations_iPad = "UIInterfaceOrientationPortrait UIInterfaceOrientationPortraitUpsideDown";
				IPHONEOS_DEPLOYMENT_TARGET = 16.4;
				LD_RUNPATH_SEARCH_PATHS = (
					"$(inherited)",
					"@executable_path/Frameworks",
				);
				MARKETING_VERSION = 1.0;
				PRODUCT_BUNDLE_IDENTIFIER = com.alldev.AllIn;
				PRODUCT_NAME = "$(TARGET_NAME)";
				SWIFT_EMIT_LOC_STRINGS = YES;
				SWIFT_VERSION = 5.0;
				TARGETED_DEVICE_FAMILY = "1,2";
			};
			name = Debug;
		};
		EC6B96BE2B24B4CC00FC1C58 /* Release */ = {
			isa = XCBuildConfiguration;
			buildSettings = {
				ASSETCATALOG_COMPILER_APPICON_NAME = AppIcon;
				ASSETCATALOG_COMPILER_GLOBAL_ACCENT_COLOR_NAME = AccentColor;
				CODE_SIGN_STYLE = Automatic;
				CURRENT_PROJECT_VERSION = 1;
				DEVELOPMENT_ASSET_PATHS = "\"AllIn/Preview Content\"";
				DEVELOPMENT_TEAM = 35KQ5BDC64;
				ENABLE_PREVIEWS = YES;
				GENERATE_INFOPLIST_FILE = YES;
				INFOPLIST_KEY_CFBundleDisplayName = "All In";
				INFOPLIST_KEY_UIApplicationSceneManifest_Generation = YES;
				INFOPLIST_KEY_UIApplicationSupportsIndirectInputEvents = YES;
				INFOPLIST_KEY_UILaunchScreen_Generation = YES;
				INFOPLIST_KEY_UILaunchStoryboardName = "Launch Screen.storyboard";
				INFOPLIST_KEY_UISupportedInterfaceOrientations = UIInterfaceOrientationPortrait;
				INFOPLIST_KEY_UISupportedInterfaceOrientations_iPad = "UIInterfaceOrientationPortrait UIInterfaceOrientationPortraitUpsideDown";
				IPHONEOS_DEPLOYMENT_TARGET = 16.4;
				LD_RUNPATH_SEARCH_PATHS = (
					"$(inherited)",
					"@executable_path/Frameworks",
				);
				MARKETING_VERSION = 1.0;
				PRODUCT_BUNDLE_IDENTIFIER = com.alldev.AllIn;
				PRODUCT_NAME = "$(TARGET_NAME)";
				SWIFT_EMIT_LOC_STRINGS = YES;
				SWIFT_VERSION = 5.0;
				TARGETED_DEVICE_FAMILY = "1,2";
			};
			name = Release;
		};
		EC6B96C02B24B4CC00FC1C58 /* Debug */ = {
			isa = XCBuildConfiguration;
			buildSettings = {
				ALWAYS_EMBED_SWIFT_STANDARD_LIBRARIES = YES;
				BUNDLE_LOADER = "$(TEST_HOST)";
				CODE_SIGN_STYLE = Automatic;
				CURRENT_PROJECT_VERSION = 1;
				GENERATE_INFOPLIST_FILE = YES;
				IPHONEOS_DEPLOYMENT_TARGET = 16.4;
				MARKETING_VERSION = 1.0;
				PRODUCT_BUNDLE_IDENTIFIER = com.alldev.AllInTests;
				PRODUCT_NAME = "$(TARGET_NAME)";
				SWIFT_EMIT_LOC_STRINGS = NO;
				SWIFT_VERSION = 5.0;
				TARGETED_DEVICE_FAMILY = "1,2";
				TEST_HOST = "$(BUILT_PRODUCTS_DIR)/AllIn.app/$(BUNDLE_EXECUTABLE_FOLDER_PATH)/AllIn";
			};
			name = Debug;
		};
		EC6B96C12B24B4CC00FC1C58 /* Release */ = {
			isa = XCBuildConfiguration;
			buildSettings = {
				ALWAYS_EMBED_SWIFT_STANDARD_LIBRARIES = YES;
				BUNDLE_LOADER = "$(TEST_HOST)";
				CODE_SIGN_STYLE = Automatic;
				CURRENT_PROJECT_VERSION = 1;
				GENERATE_INFOPLIST_FILE = YES;
				IPHONEOS_DEPLOYMENT_TARGET = 16.4;
				MARKETING_VERSION = 1.0;
				PRODUCT_BUNDLE_IDENTIFIER = com.alldev.AllInTests;
				PRODUCT_NAME = "$(TARGET_NAME)";
				SWIFT_EMIT_LOC_STRINGS = NO;
				SWIFT_VERSION = 5.0;
				TARGETED_DEVICE_FAMILY = "1,2";
				TEST_HOST = "$(BUILT_PRODUCTS_DIR)/AllIn.app/$(BUNDLE_EXECUTABLE_FOLDER_PATH)/AllIn";
			};
			name = Release;
		};
		EC6B96C32B24B4CC00FC1C58 /* Debug */ = {
			isa = XCBuildConfiguration;
			buildSettings = {
				ALWAYS_EMBED_SWIFT_STANDARD_LIBRARIES = YES;
				CODE_SIGN_STYLE = Automatic;
				CURRENT_PROJECT_VERSION = 1;
				GENERATE_INFOPLIST_FILE = YES;
				MARKETING_VERSION = 1.0;
				PRODUCT_BUNDLE_IDENTIFIER = com.alldev.AllInUITests;
				PRODUCT_NAME = "$(TARGET_NAME)";
				SWIFT_EMIT_LOC_STRINGS = NO;
				SWIFT_VERSION = 5.0;
				TARGETED_DEVICE_FAMILY = "1,2";
				TEST_TARGET_NAME = AllIn;
			};
			name = Debug;
		};
		EC6B96C42B24B4CC00FC1C58 /* Release */ = {
			isa = XCBuildConfiguration;
			buildSettings = {
				ALWAYS_EMBED_SWIFT_STANDARD_LIBRARIES = YES;
				CODE_SIGN_STYLE = Automatic;
				CURRENT_PROJECT_VERSION = 1;
				GENERATE_INFOPLIST_FILE = YES;
				MARKETING_VERSION = 1.0;
				PRODUCT_BUNDLE_IDENTIFIER = com.alldev.AllInUITests;
				PRODUCT_NAME = "$(TARGET_NAME)";
				SWIFT_EMIT_LOC_STRINGS = NO;
				SWIFT_VERSION = 5.0;
				TARGETED_DEVICE_FAMILY = "1,2";
				TEST_TARGET_NAME = AllIn;
			};
			name = Release;
		};
/* End XCBuildConfiguration section */

/* Begin XCConfigurationList section */
		EC6B96932B24B4CC00FC1C58 /* Build configuration list for PBXProject "AllInApp" */ = {
			isa = XCConfigurationList;
			buildConfigurations = (
				EC6B96BA2B24B4CC00FC1C58 /* Debug */,
				EC6B96BB2B24B4CC00FC1C58 /* Release */,
			);
			defaultConfigurationIsVisible = 0;
			defaultConfigurationName = Release;
		};
		EC6B96BC2B24B4CC00FC1C58 /* Build configuration list for PBXNativeTarget "AllIn" */ = {
			isa = XCConfigurationList;
			buildConfigurations = (
				EC6B96BD2B24B4CC00FC1C58 /* Debug */,
				EC6B96BE2B24B4CC00FC1C58 /* Release */,
			);
			defaultConfigurationIsVisible = 0;
			defaultConfigurationName = Release;
		};
		EC6B96BF2B24B4CC00FC1C58 /* Build configuration list for PBXNativeTarget "AllInTests" */ = {
			isa = XCConfigurationList;
			buildConfigurations = (
				EC6B96C02B24B4CC00FC1C58 /* Debug */,
				EC6B96C12B24B4CC00FC1C58 /* Release */,
			);
			defaultConfigurationIsVisible = 0;
			defaultConfigurationName = Release;
		};
		EC6B96C22B24B4CC00FC1C58 /* Build configuration list for PBXNativeTarget "AllInUITests" */ = {
			isa = XCConfigurationList;
			buildConfigurations = (
				EC6B96C32B24B4CC00FC1C58 /* Debug */,
				EC6B96C42B24B4CC00FC1C58 /* Release */,
			);
			defaultConfigurationIsVisible = 0;
			defaultConfigurationName = Release;
		};
/* End XCConfigurationList section */

/* Begin XCSwiftPackageProductDependency section */
		EC60C5672B5A83FB00FFD6EF /* StubLib */ = {
			isa = XCSwiftPackageProductDependency;
			productName = StubLib;
		};
		ECB357342B3E13A400045D41 /* Model */ = {
			isa = XCSwiftPackageProductDependency;
			productName = Model;
		};
		ECCD24492B4DE8010071FA9E /* Api */ = {
			isa = XCSwiftPackageProductDependency;
			productName = Api;
		};
/* End XCSwiftPackageProductDependency section */
	};
	rootObject = EC6B96902B24B4CC00FC1C58 /* Project object */;
}
